manage_contentblocks:
    path:     /
    defaults: { _controller: "ContentBlocksBundle:ContentBlock:index" }

manage_contentblocks_show:
    path:     /{id}/show/{quoteVersion}/{class}
    defaults: { _controller: "ContentBlocksBundle:ContentBlock:show" }

manage_contentblocks_new:
    path:     /new/{class}/{quoteVersion}/{tabId}
    defaults: { _controller: "ContentBlocksBundle:ContentBlock:new" }

manage_contentblocks_create:
    path:     /create/{class}/{quoteVersion}/{tabId}
    defaults: { _controller: "ContentBlocksBundle:ContentBlock:create" }
    methods:  [POST, GET]

manage_contentblocks_edit:
    path:     /{id}/edit/{quoteVersion}/{class}
    defaults: { _controller: "ContentBlocksBundle:ContentBlock:edit" }

manage_contentblocks_update:
    path:     /{id}/update/{quoteVersion}/{class}
    defaults: { _controller: "ContentBlocksBundle:ContentBlock:update" }
    methods:  [POST]

manage_contentblocks_delete:
    path:     /{id}/delete/{quoteVersion}/{class}
    defaults: { _controller: "ContentBlocksBundle:ContentBlock:delete" }
    methods:  [POST, DELETE, GET]

contentblocks_update:
    path:   /update/{id}
    defaults: { _controller: "ContentBlocksBundle:ContentBlock:newTab" }
    methods:  [POST]

manage_contentblocks_new_tab:
    path: /tab/new/{id}
    defaults: { _controller: "ContentBlocksBundle:ContentBlock:newSiteTab"}
    methods:  [POST]

manage_contentblocks_lock:
    path:     /{id}/lock/{quoteVersion}/{class}
    defaults: { _controller: "ContentBlocksBundle:ContentBlock:lock" }
    methods:  [POST, PUT, GET]

manage_contentblocks_resize:
    path:     /{id}/resize/{quoteVersion}/{class}
    defaults: { _controller: "ContentBlocksBundle:ContentBlock:resize" }
    methods:  [POST, PUT, GET]

manage_contentblocks_hide:
    path:     /{id}/hide/{quoteVersion}/{class}
    defaults: { _controller: "ContentBlocksBundle:ContentBlock:hide" }
    methods:  [POST, PUT, GET]

manage_contentblocks_ajax_new:
    path:     /ajax/new
    defaults: { _controller: "ContentBlocksBundle:ContentBlock:ajaxNew" }
    methods:  [GET]


