manage_headerblock_show:
    path:     /header/show/{id}
    defaults: { _controller: "ContentBlocksBundle:HeaderBlock:show" }
    methods:  GET

manage_headerblock_edit:
    path:   /{id}/header/edit/{quoteVersion}/{class}
    defaults: { _controller: "ContentBlocksBundle:HeaderBlock:edit" }
    methods:  [GET]

manage_headerblock_layout_edit:
    path:   /header/edit/layout-editor/{id}
    defaults: { _controller: "ContentBlocksBundle:HeaderBlock:editLayout" }
    methods:  [GET]

manage_headerblock_create:
    path:     /header/create/{quoteVersion}/{class}
    defaults: { _controller: "ContentBlocksBundle:HeaderBlock:create" }
    methods:  POST

manage_headerblock_update:
    path:     /{id}/update/header/{quoteVersion}/{class}
    defaults: { _controller: "ContentBlocksBundle:HeaderBlock:update" }
    methods:  [POST]

manage_headerblock_layout_update:
    path:     /update/header/layout-editor/{id}
    defaults: { _controller: "ContentBlocksBundle:HeaderBlock:updateLayout" }
    methods:  [POST]

manage_headerblock_new:
    path:   /header/new/{quoteVersion}/{class}
    defaults: { _controller: "ContentBlocksBundle:HeaderBlock:new" }
    methods:  [GET]