manage_headerblock_show:
    path:     /show/{id}
    defaults: { _controller: "ContentBlocksBundle:HeaderBlock:show" }
    methods:  GET

manage_headerblock_edit:
    path:   /{id}/edit/{quoteVersion}/{class}
    defaults: { _controller: "ContentBlocksBundle:HeaderBlock:edit" }
    methods:  [GET]

manage_headerblock_layout_edit:
    path:   /{id}/edit/layout-editor
    defaults: { _controller: "ContentBlocksBundle:HeaderBlock:editLayout" }
    methods:  [GET]

manage_headerblock_create:
    path:     /create/{quoteVersion}/{class}
    defaults: { _controller: "ContentBlocksBundle:HeaderBlock:create" }
    methods:  POST

manage_headerblock_update:
    path:     /{id}/update/{quoteVersion}/{class}
    defaults: { _controller: "ContentBlocksBundle:HeaderBlock:update" }
    methods:  [POST]

manage_headerblock_layout_update:
    path:     /update/layout-editor/{id}
    defaults: { _controller: "ContentBlocksBundle:HeaderBlock:updateLayout" }
    methods:  [POST]

manage_headerblock_new:
    path:   /new/{quoteVersion}/{class}
    defaults: { _controller: "ContentBlocksBundle:HeaderBlock:new" }
    methods:  [GET]